
Microsoft Visual Studio Solution File, Format Version 12.00
# Visual Studio Version 17
VisualStudioVersion = 17.6.33815.320
MinimumVisualStudioVersion = 10.0.40219.1
Project("{9A19103F-16F7-4668-BE54-9A1E7A4F7556}") = "MSConfiguration", "MSConfiguration\MSConfiguration.csproj", "{B5F4B222-5643-4BB6-8644-3F5ED3814E2D}"
EndProject
Project("{9A19103F-16F7-4668-BE54-9A1E7A4F7556}") = "Clubify", "CLUBIFY\Clubify.csproj", "{7EDC2954-7900-42DF-BFCC-6875F00276FB}"
EndProject
Global
	GlobalSection(SolutionConfigurationPlatforms) = preSolution
		Debug|Any CPU = Debug|Any CPU
		Release|Any CPU = Release|Any CPU
	EndGlobalSection
	GlobalSection(ProjectConfigurationPlatforms) = postSolution
		{B5F4B222-5643-4BB6-8644-3F5ED3814E2D}.Debug|Any CPU.ActiveCfg = Debug|Any CPU
		{B5F4B222-5643-4BB6-8644-3F5ED3814E2D}.Debug|Any CPU.Build.0 = Debug|Any CPU
		{B5F4B222-5643-4BB6-8644-3F5ED3814E2D}.Release|Any CPU.ActiveCfg = Release|Any CPU
		{B5F4B222-5643-4BB6-8644-3F5ED3814E2D}.Release|Any CPU.Build.0 = Release|Any CPU
		{7EDC2954-7900-42DF-BFCC-6875F00276FB}.Debug|Any CPU.ActiveCfg = Debug|Any CPU
		{7EDC2954-7900-42DF-BFCC-6875F00276FB}.Debug|Any CPU.Build.0 = Debug|Any CPU
		{7EDC2954-7900-42DF-BFCC-6875F00276FB}.Release|Any CPU.ActiveCfg = Release|Any CPU
		{7EDC2954-7900-42DF-BFCC-6875F00276FB}.Release|Any CPU.Build.0 = Release|Any CPU
	EndGlobalSection
	GlobalSection(SolutionProperties) = preSolution
		HideSolutionNode = FALSE
	EndGlobalSection
	GlobalSection(ExtensibilityGlobals) = postSolution
		SolutionGuid = {743C7912-ACC1-4309-9471-7D73DADE6ACF}
	EndGlobalSection
EndGlobal
